
Microsoft Visual Studio Solution File, Format Version 12.00
# Visual Studio Version 17
VisualStudioVersion = 17.6.33829.357
MinimumVisualStudioVersion = 10.0.40219.1
Project("{FAE04EC0-301F-11D3-BF4B-00C04F79EFBC}") = "LabNet2023.HelloWorld", "LabNet2023.HelloWorld\LabNet2023.HelloWorld.csproj", "{17E0FEAA-0D5B-4250-AD0C-4DD87A1A1750}"
EndProject
Global
	GlobalSection(SolutionConfigurationPlatforms) = preSolution
		Debug|Any CPU = Debug|Any CPU
		Release|Any CPU = Release|Any CPU
	EndGlobalSection
	GlobalSection(ProjectConfigurationPlatforms) = postSolution
		{17E0FEAA-0D5B-4250-AD0C-4DD87A1A1750}.Debug|Any CPU.ActiveCfg = Debug|Any CPU
		{17E0FEAA-0D5B-4250-AD0C-4DD87A1A1750}.Debug|Any CPU.Build.0 = Debug|Any CPU
		{17E0FEAA-0D5B-4250-AD0C-4DD87A1A1750}.Release|Any CPU.ActiveCfg = Release|Any CPU
		{17E0FEAA-0D5B-4250-AD0C-4DD87A1A1750}.Release|Any CPU.Build.0 = Release|Any CPU
	EndGlobalSection
	GlobalSection(SolutionProperties) = preSolution
		HideSolutionNode = FALSE
	EndGlobalSection
	GlobalSection(ExtensibilityGlobals) = postSolution
		SolutionGuid = {C1BECC2D-8609-4A91-845E-4EF34C1B311F}
	EndGlobalSection
EndGlobal
